
Microsoft Visual Studio Solution File, Format Version 12.00
# Visual Studio Version 17
VisualStudioVersion = 17.10.35122.118
MinimumVisualStudioVersion = 10.0.40219.1
Project("{FAE04EC0-301F-11D3-BF4B-00C04F79EFBC}") = "Calculator", "Calculator\Calculator.csproj", "{00043A67-6BBC-47AC-95D6-DEF839FC7269}"
EndProject
Global
	GlobalSection(SolutionConfigurationPlatforms) = preSolution
		Debug|Any CPU = Debug|Any CPU
		Release|Any CPU = Release|Any CPU
	EndGlobalSection
	GlobalSection(ProjectConfigurationPlatforms) = postSolution
		{00043A67-6BBC-47AC-95D6-DEF839FC7269}.Debug|Any CPU.ActiveCfg = Debug|Any CPU
		{00043A67-6BBC-47AC-95D6-DEF839FC7269}.Debug|Any CPU.Build.0 = Debug|Any CPU
		{00043A67-6BBC-47AC-95D6-DEF839FC7269}.Release|Any CPU.ActiveCfg = Release|Any CPU
		{00043A67-6BBC-47AC-95D6-DEF839FC7269}.Release|Any CPU.Build.0 = Release|Any CPU
	EndGlobalSection
	GlobalSection(SolutionProperties) = preSolution
		HideSolutionNode = FALSE
	EndGlobalSection
	GlobalSection(ExtensibilityGlobals) = postSolution
		SolutionGuid = {6DCD412C-DDC4-451C-ADA2-5AAD0EE62942}
	EndGlobalSection
EndGlobal
